
Microsoft Visual Studio Solution File, Format Version 12.00
# Visual Studio 15
VisualStudioVersion = 15.0.28010.2048
MinimumVisualStudioVersion = 10.0.40219.1
Project("{FAE04EC0-301F-11D3-BF4B-00C04F79EFBC}") = "Calculation", "Calculation\Calculation.csproj", "{A8018E17-2743-46E0-951B-B97F809F8048}"
EndProject
Project("{FAE04EC0-301F-11D3-BF4B-00C04F79EFBC}") = "WPF_CommonTypes", "WPF_CommonTypes\WPF_CommonTypes.csproj", "{70FBAF32-4B0C-431E-AD2E-4B023F555F17}"
EndProject
Global
	GlobalSection(SolutionConfigurationPlatforms) = preSolution
		Debug|Any CPU = Debug|Any CPU
		Release|Any CPU = Release|Any CPU
	EndGlobalSection
	GlobalSection(ProjectConfigurationPlatforms) = postSolution
		{A8018E17-2743-46E0-951B-B97F809F8048}.Debug|Any CPU.ActiveCfg = Debug|Any CPU
		{A8018E17-2743-46E0-951B-B97F809F8048}.Debug|Any CPU.Build.0 = Debug|Any CPU
		{A8018E17-2743-46E0-951B-B97F809F8048}.Release|Any CPU.ActiveCfg = Release|Any CPU
		{A8018E17-2743-46E0-951B-B97F809F8048}.Release|Any CPU.Build.0 = Release|Any CPU
		{70FBAF32-4B0C-431E-AD2E-4B023F555F17}.Debug|Any CPU.ActiveCfg = Debug|Any CPU
		{70FBAF32-4B0C-431E-AD2E-4B023F555F17}.Debug|Any CPU.Build.0 = Debug|Any CPU
		{70FBAF32-4B0C-431E-AD2E-4B023F555F17}.Release|Any CPU.ActiveCfg = Release|Any CPU
		{70FBAF32-4B0C-431E-AD2E-4B023F555F17}.Release|Any CPU.Build.0 = Release|Any CPU
	EndGlobalSection
	GlobalSection(SolutionProperties) = preSolution
		HideSolutionNode = FALSE
	EndGlobalSection
	GlobalSection(ExtensibilityGlobals) = postSolution
		SolutionGuid = {3B78C281-1C7C-46BD-B30E-6A0CEE34DC1E}
	EndGlobalSection
EndGlobal
